// !$*UTF8*$!
{
	archiveVersion = 1;
	classes = {
	};
	objectVersion = 77;
	objects = {

/* Begin PBXBuildFile section */
		DE9E6E932E2A32FE00E9A549 /* NetworkModule in Frameworks */ = {isa = PBXBuildFile; productRef = DE9E6E922E2A32FE00E9A549 /* NetworkModule */; };
		DE9E6E992E2A359D00E9A549 /* DavinciKit in Frameworks */ = {isa = PBXBuildFile; productRef = DE9E6E982E2A359D00E9A549 /* DavinciKit */; };
		DE9E6E9F2E2A35BC00E9A549 /* FeatureA in Frameworks */ = {isa = PBXBuildFile; productRef = DE9E6E9E2E2A35BC00E9A549 /* FeatureA */; };
		DE9E6EA22E2A35D000E9A549 /* FeatureB in Frameworks */ = {isa = PBXBuildFile; productRef = DE9E6EA12E2A35D000E9A549 /* FeatureB */; };
/* End PBXBuildFile section */

/* Begin PBXContainerItemProxy section */
		DE9E6E742E2A301B00E9A549 /* PBXContainerItemProxy */ = {
			isa = PBXContainerItemProxy;
			containerPortal = DE9E6E552E2A301A00E9A549 /* Project object */;
			proxyType = 1;
			remoteGlobalIDString = DE9E6E5C2E2A301A00E9A549;
			remoteInfo = App2;
		};
		DE9E6E7E2E2A301B00E9A549 /* PBXContainerItemProxy */ = {
			isa = PBXContainerItemProxy;
			containerPortal = DE9E6E552E2A301A00E9A549 /* Project object */;
			proxyType = 1;
			remoteGlobalIDString = DE9E6E5C2E2A301A00E9A549;
			remoteInfo = App2;
		};
/* End PBXContainerItemProxy section */

/* Begin PBXFileReference section */
		DE9E6E5D2E2A301A00E9A549 /* App2.app */ = {isa = PBXFileReference; explicitFileType = wrapper.application; includeInIndex = 0; path = App2.app; sourceTree = BUILT_PRODUCTS_DIR; };
		DE9E6E732E2A301B00E9A549 /* App2Tests.xctest */ = {isa = PBXFileReference; explicitFileType = wrapper.cfbundle; includeInIndex = 0; path = App2Tests.xctest; sourceTree = BUILT_PRODUCTS_DIR; };
		DE9E6E7D2E2A301B00E9A549 /* App2UITests.xctest */ = {isa = PBXFileReference; explicitFileType = wrapper.cfbundle; includeInIndex = 0; path = App2UITests.xctest; sourceTree = BUILT_PRODUCTS_DIR; };
/* End PBXFileReference section */

/* Begin PBXFileSystemSynchronizedBuildFileExceptionSet section */
		DE9E6E852E2A301B00E9A549 /* Exceptions for "App2" folder in "App2" target */ = {
			isa = PBXFileSystemSynchronizedBuildFileExceptionSet;
			membershipExceptions = (
				Info.plist,
			);
			target = DE9E6E5C2E2A301A00E9A549 /* App2 */;
		};
/* End PBXFileSystemSynchronizedBuildFileExceptionSet section */

/* Begin PBXFileSystemSynchronizedRootGroup section */
		DE9E6E5F2E2A301A00E9A549 /* App2 */ = {
			isa = PBXFileSystemSynchronizedRootGroup;
			exceptions = (
				DE9E6E852E2A301B00E9A549 /* Exceptions for "App2" folder in "App2" target */,
			);
			path = App2;
			sourceTree = "<group>";
		};
		DE9E6E762E2A301B00E9A549 /* App2Tests */ = {
			isa = PBXFileSystemSynchronizedRootGroup;
			path = App2Tests;
			sourceTree = "<group>";
		};
		DE9E6E802E2A301B00E9A549 /* App2UITests */ = {
			isa = PBXFileSystemSynchronizedRootGroup;
			path = App2UITests;
			sourceTree = "<group>";
		};
/* End PBXFileSystemSynchronizedRootGroup section */

/* Begin PBXFrameworksBuildPhase section */
		DE9E6E5A2E2A301A00E9A549 /* Frameworks */ = {
			isa = PBXFrameworksBuildPhase;
			buildActionMask = 2147483647;
			files = (
				DE9E6E992E2A359D00E9A549 /* DavinciKit in Frameworks */,
				DE9E6E932E2A32FE00E9A549 /* NetworkModule in Frameworks */,
				DE9E6EA22E2A35D000E9A549 /* FeatureB in Frameworks */,
				DE9E6E9F2E2A35BC00E9A549 /* FeatureA in Frameworks */,
			);
			runOnlyForDeploymentPostprocessing = 0;
		};
		DE9E6E702E2A301B00E9A549 /* Frameworks */ = {
			isa = PBXFrameworksBuildPhase;
			buildActionMask = 2147483647;
			files = (
			);
			runOnlyForDeploymentPostprocessing = 0;
		};
		DE9E6E7A2E2A301B00E9A549 /* Frameworks */ = {
			isa = PBXFrameworksBuildPhase;
			buildActionMask = 2147483647;
			files = (
			);
			runOnlyForDeploymentPostprocessing = 0;
		};
/* End PBXFrameworksBuildPhase section */

/* Begin PBXGroup section */
		DE9E6E542E2A301A00E9A549 = {
			isa = PBXGroup;
			children = (
				DE9E6E5F2E2A301A00E9A549 /* App2 */,
				DE9E6E762E2A301B00E9A549 /* App2Tests */,
				DE9E6E802E2A301B00E9A549 /* App2UITests */,
				DE9E6E5E2E2A301A00E9A549 /* Products */,
			);
			sourceTree = "<group>";
		};
		DE9E6E5E2E2A301A00E9A549 /* Products */ = {
			isa = PBXGroup;
			children = (
				DE9E6E5D2E2A301A00E9A549 /* App2.app */,
				DE9E6E732E2A301B00E9A549 /* App2Tests.xctest */,
				DE9E6E7D2E2A301B00E9A549 /* App2UITests.xctest */,
			);
			name = Products;
			sourceTree = "<group>";
		};
/* End PBXGroup section */

/* Begin PBXNativeTarget section */
		DE9E6E5C2E2A301A00E9A549 /* App2 */ = {
			isa = PBXNativeTarget;
			buildConfigurationList = DE9E6E862E2A301B00E9A549 /* Build configuration list for PBXNativeTarget "App2" */;
			buildPhases = (
				DE9E6E592E2A301A00E9A549 /* Sources */,
				DE9E6E5A2E2A301A00E9A549 /* Frameworks */,
				DE9E6E5B2E2A301A00E9A549 /* Resources */,
			);
			buildRules = (
			);
			dependencies = (
			);
			fileSystemSynchronizedGroups = (
				DE9E6E5F2E2A301A00E9A549 /* App2 */,
			);
			name = App2;
			packageProductDependencies = (
				DE9E6E922E2A32FE00E9A549 /* NetworkModule */,
				DE9E6E982E2A359D00E9A549 /* DavinciKit */,
				DE9E6E9E2E2A35BC00E9A549 /* FeatureA */,
				DE9E6EA12E2A35D000E9A549 /* FeatureB */,
			);
			productName = App2;
			productReference = DE9E6E5D2E2A301A00E9A549 /* App2.app */;
			productType = "com.apple.product-type.application";
		};
		DE9E6E722E2A301B00E9A549 /* App2Tests */ = {
			isa = PBXNativeTarget;
			buildConfigurationList = DE9E6E8B2E2A301B00E9A549 /* Build configuration list for PBXNativeTarget "App2Tests" */;
			buildPhases = (
				DE9E6E6F2E2A301B00E9A549 /* Sources */,
				DE9E6E702E2A301B00E9A549 /* Frameworks */,
				DE9E6E712E2A301B00E9A549 /* Resources */,
			);
			buildRules = (
			);
			dependencies = (
				DE9E6E752E2A301B00E9A549 /* PBXTargetDependency */,
			);
			fileSystemSynchronizedGroups = (
				DE9E6E762E2A301B00E9A549 /* App2Tests */,
			);
			name = App2Tests;
			packageProductDependencies = (
			);
			productName = App2Tests;
			productReference = DE9E6E732E2A301B00E9A549 /* App2Tests.xctest */;
			productType = "com.apple.product-type.bundle.unit-test";
		};
		DE9E6E7C2E2A301B00E9A549 /* App2UITests */ = {
			isa = PBXNativeTarget;
			buildConfigurationList = DE9E6E8E2E2A301B00E9A549 /* Build configuration list for PBXNativeTarget "App2UITests" */;
			buildPhases = (
				DE9E6E792E2A301B00E9A549 /* Sources */,
				DE9E6E7A2E2A301B00E9A549 /* Frameworks */,
				DE9E6E7B2E2A301B00E9A549 /* Resources */,
			);
			buildRules = (
			);
			dependencies = (
				DE9E6E7F2E2A301B00E9A549 /* PBXTargetDependency */,
			);
			fileSystemSynchronizedGroups = (
				DE9E6E802E2A301B00E9A549 /* App2UITests */,
			);
			name = App2UITests;
			packageProductDependencies = (
			);
			productName = App2UITests;
			productReference = DE9E6E7D2E2A301B00E9A549 /* App2UITests.xctest */;
			productType = "com.apple.product-type.bundle.ui-testing";
		};
/* End PBXNativeTarget section */

/* Begin PBXProject section */
		DE9E6E552E2A301A00E9A549 /* Project object */ = {
			isa = PBXProject;
			attributes = {
				BuildIndependentTargetsInParallel = 1;
				LastSwiftUpdateCheck = 1620;
				LastUpgradeCheck = 1620;
				TargetAttributes = {
					DE9E6E5C2E2A301A00E9A549 = {
						CreatedOnToolsVersion = 16.2;
					};
					DE9E6E722E2A301B00E9A549 = {
						CreatedOnToolsVersion = 16.2;
						TestTargetID = DE9E6E5C2E2A301A00E9A549;
					};
					DE9E6E7C2E2A301B00E9A549 = {
						CreatedOnToolsVersion = 16.2;
						TestTargetID = DE9E6E5C2E2A301A00E9A549;
					};
				};
			};
			buildConfigurationList = DE9E6E582E2A301A00E9A549 /* Build configuration list for PBXProject "App2" */;
			developmentRegion = en;
			hasScannedForEncodings = 0;
			knownRegions = (
				en,
				Base,
			);
			mainGroup = DE9E6E542E2A301A00E9A549;
			minimizedProjectReferenceProxies = 1;
			packageReferences = (
				DE9E6E912E2A32FE00E9A549 /* XCLocalSwiftPackageReference "../../Packages/Core/NetworkModule" */,
				DE9E6E972E2A359D00E9A549 /* XCLocalSwiftPackageReference "../../Packages/DesignSystem/DavinciKit" */,
				DE9E6E9D2E2A35BC00E9A549 /* XCLocalSwiftPackageReference "../../Packages/Features/FeatureA" */,
				DE9E6EA02E2A35D000E9A549 /* XCLocalSwiftPackageReference "../../Packages/Features/FeatureB" */,
			);
			preferredProjectObjectVersion = 77;
			productRefGroup = DE9E6E5E2E2A301A00E9A549 /* Products */;
			projectDirPath = "";
			projectRoot = "";
			targets = (
				DE9E6E5C2E2A301A00E9A549 /* App2 */,
				DE9E6E722E2A301B00E9A549 /* App2Tests */,
				DE9E6E7C2E2A301B00E9A549 /* App2UITests */,
			);
		};
/* End PBXProject section */

/* Begin PBXResourcesBuildPhase section */
		DE9E6E5B2E2A301A00E9A549 /* Resources */ = {
			isa = PBXResourcesBuildPhase;
			buildActionMask = 2147483647;
			files = (
			);
			runOnlyForDeploymentPostprocessing = 0;
		};
		DE9E6E712E2A301B00E9A549 /* Resources */ = {
			isa = PBXResourcesBuildPhase;
			buildActionMask = 2147483647;
			files = (
			);
			runOnlyForDeploymentPostprocessing = 0;
		};
		DE9E6E7B2E2A301B00E9A549 /* Resources */ = {
			isa = PBXResourcesBuildPhase;
			buildActionMask = 2147483647;
			files = (
			);
			runOnlyForDeploymentPostprocessing = 0;
		};
/* End PBXResourcesBuildPhase section */

/* Begin PBXSourcesBuildPhase section */
		DE9E6E592E2A301A00E9A549 /* Sources */ = {
			isa = PBXSourcesBuildPhase;
			buildActionMask = 2147483647;
			files = (
			);
			runOnlyForDeploymentPostprocessing = 0;
		};
		DE9E6E6F2E2A301B00E9A549 /* Sources */ = {
			isa = PBXSourcesBuildPhase;
			buildActionMask = 2147483647;
			files = (
			);
			runOnlyForDeploymentPostprocessing = 0;
		};
		DE9E6E792E2A301B00E9A549 /* Sources */ = {
			isa = PBXSourcesBuildPhase;
			buildActionMask = 2147483647;
			files = (
			);
			runOnlyForDeploymentPostprocessing = 0;
		};
/* End PBXSourcesBuildPhase section */

/* Begin PBXTargetDependency section */
		DE9E6E752E2A301B00E9A549 /* PBXTargetDependency */ = {
			isa = PBXTargetDependency;
			target = DE9E6E5C2E2A301A00E9A549 /* App2 */;
			targetProxy = DE9E6E742E2A301B00E9A549 /* PBXContainerItemProxy */;
		};
		DE9E6E7F2E2A301B00E9A549 /* PBXTargetDependency */ = {
			isa = PBXTargetDependency;
			target = DE9E6E5C2E2A301A00E9A549 /* App2 */;
			targetProxy = DE9E6E7E2E2A301B00E9A549 /* PBXContainerItemProxy */;
		};
/* End PBXTargetDependency section */

/* Begin XCBuildConfiguration section */
		DE9E6E872E2A301B00E9A549 /* Debug */ = {
			isa = XCBuildConfiguration;
			buildSettings = {
				ASSETCATALOG_COMPILER_APPICON_NAME = AppIcon;
				ASSETCATALOG_COMPILER_GLOBAL_ACCENT_COLOR_NAME = AccentColor;
				CODE_SIGN_STYLE = Automatic;
				CURRENT_PROJECT_VERSION = 1;
				DEVELOPMENT_TEAM = 8USF357YTB;
				GENERATE_INFOPLIST_FILE = YES;
				INFOPLIST_FILE = App2/Info.plist;
				INFOPLIST_KEY_UIApplicationSupportsIndirectInputEvents = YES;
				INFOPLIST_KEY_UILaunchStoryboardName = LaunchScreen;
				INFOPLIST_KEY_UIMainStoryboardFile = Main;
				INFOPLIST_KEY_UISupportedInterfaceOrientations_iPad = "UIInterfaceOrientationPortrait UIInterfaceOrientationPortraitUpsideDown UIInterfaceOrientationLandscapeLeft UIInterfaceOrientationLandscapeRight";
				INFOPLIST_KEY_UISupportedInterfaceOrientations_iPhone = "UIInterfaceOrientationPortrait UIInterfaceOrientationLandscapeLeft UIInterfaceOrientationLandscapeRight";
				LD_RUNPATH_SEARCH_PATHS = (
					"$(inherited)",
					"@executable_path/Frameworks",
				);
				MARKETING_VERSION = 1.0;
				PRODUCT_BUNDLE_IDENTIFIER = com.App2;
				PRODUCT_NAME = "$(TARGET_NAME)";
				SWIFT_EMIT_LOC_STRINGS = YES;
				SWIFT_VERSION = 5.0;
				TARGETED_DEVICE_FAMILY = "1,2";
			};
			name = Debug;
		};
		DE9E6E882E2A301B00E9A549 /* Release */ = {
			isa = XCBuildConfiguration;
			buildSettings = {
				ASSETCATALOG_COMPILER_APPICON_NAME = AppIcon;
				ASSETCATALOG_COMPILER_GLOBAL_ACCENT_COLOR_NAME = AccentColor;
				CODE_SIGN_STYLE = Automatic;
				CURRENT_PROJECT_VERSION = 1;
				DEVELOPMENT_TEAM = 8USF357YTB;
				GENERATE_INFOPLIST_FILE = YES;
				INFOPLIST_FILE = App2/Info.plist;
				INFOPLIST_KEY_UIApplicationSupportsIndirectInputEvents = YES;
				INFOPLIST_KEY_UILaunchStoryboardName = LaunchScreen;
				INFOPLIST_KEY_UIMainStoryboardFile = Main;
				INFOPLIST_KEY_UISupportedInterfaceOrientations_iPad = "UIInterfaceOrientationPortrait UIInterfaceOrientationPortraitUpsideDown UIInterfaceOrientationLandscapeLeft UIInterfaceOrientationLandscapeRight";
				INFOPLIST_KEY_UISupportedInterfaceOrientations_iPhone = "UIInterfaceOrientationPortrait UIInterfaceOrientationLandscapeLeft UIInterfaceOrientationLandscapeRight";
				LD_RUNPATH_SEARCH_PATHS = (
					"$(inherited)",
					"@executable_path/Frameworks",
				);
				MARKETING_VERSION = 1.0;
				PRODUCT_BUNDLE_IDENTIFIER = com.App2;
				PRODUCT_NAME = "$(TARGET_NAME)";
				SWIFT_EMIT_LOC_STRINGS = YES;
				SWIFT_VERSION = 5.0;
				TARGETED_DEVICE_FAMILY = "1,2";
			};
			name = Release;
		};
		DE9E6E892E2A301B00E9A549 /* Debug */ = {
			isa = XCBuildConfiguration;
			buildSettings = {
				ALWAYS_SEARCH_USER_PATHS = NO;
				ASSETCATALOG_COMPILER_GENERATE_SWIFT_ASSET_SYMBOL_EXTENSIONS = YES;
				CLANG_ANALYZER_NONNULL = YES;
				CLANG_ANALYZER_NUMBER_OBJECT_CONVERSION = YES_AGGRESSIVE;
				CLANG_CXX_LANGUAGE_STANDARD = "gnu++20";
				CLANG_ENABLE_MODULES = YES;
				CLANG_ENABLE_OBJC_ARC = YES;
				CLANG_ENABLE_OBJC_WEAK = YES;
				CLANG_WARN_BLOCK_CAPTURE_AUTORELEASING = YES;
				CLANG_WARN_BOOL_CONVERSION = YES;
				CLANG_WARN_COMMA = YES;
				CLANG_WARN_CONSTANT_CONVERSION = YES;
				CLANG_WARN_DEPRECATED_OBJC_IMPLEMENTATIONS = YES;
				CLANG_WARN_DIRECT_OBJC_ISA_USAGE = YES_ERROR;
				CLANG_WARN_DOCUMENTATION_COMMENTS = YES;
				CLANG_WARN_EMPTY_BODY = YES;
				CLANG_WARN_ENUM_CONVERSION = YES;
				CLANG_WARN_INFINITE_RECURSION = YES;
				CLANG_WARN_INT_CONVERSION = YES;
				CLANG_WARN_NON_LITERAL_NULL_CONVERSION = YES;
				CLANG_WARN_OBJC_IMPLICIT_RETAIN_SELF = YES;
				CLANG_WARN_OBJC_LITERAL_CONVERSION = YES;
				CLANG_WARN_OBJC_ROOT_CLASS = YES_ERROR;
				CLANG_WARN_QUOTED_INCLUDE_IN_FRAMEWORK_HEADER = YES;
				CLANG_WARN_RANGE_LOOP_ANALYSIS = YES;
				CLANG_WARN_STRICT_PROTOTYPES = YES;
				CLANG_WARN_SUSPICIOUS_MOVE = YES;
				CLANG_WARN_UNGUARDED_AVAILABILITY = YES_AGGRESSIVE;
				CLANG_WARN_UNREACHABLE_CODE = YES;
				CLANG_WARN__DUPLICATE_METHOD_MATCH = YES;
				COPY_PHASE_STRIP = NO;
				DEBUG_INFORMATION_FORMAT = dwarf;
				ENABLE_STRICT_OBJC_MSGSEND = YES;
				ENABLE_TESTABILITY = YES;
				ENABLE_USER_SCRIPT_SANDBOXING = YES;
				GCC_C_LANGUAGE_STANDARD = gnu17;
				GCC_DYNAMIC_NO_PIC = NO;
				GCC_NO_COMMON_BLOCKS = YES;
				GCC_OPTIMIZATION_LEVEL = 0;
				GCC_PREPROCESSOR_DEFINITIONS = (
					"DEBUG=1",
					"$(inherited)",
				);
				GCC_WARN_64_TO_32_BIT_CONVERSION = YES;
				GCC_WARN_ABOUT_RETURN_TYPE = YES_ERROR;
				GCC_WARN_UNDECLARED_SELECTOR = YES;
				GCC_WARN_UNINITIALIZED_AUTOS = YES_AGGRESSIVE;
				GCC_WARN_UNUSED_FUNCTION = YES;
				GCC_WARN_UNUSED_VARIABLE = YES;
				IPHONEOS_DEPLOYMENT_TARGET = 18.2;
				LOCALIZATION_PREFERS_STRING_CATALOGS = YES;
				MTL_ENABLE_DEBUG_INFO = INCLUDE_SOURCE;
				MTL_FAST_MATH = YES;
				ONLY_ACTIVE_ARCH = YES;
				SDKROOT = iphoneos;
				SWIFT_ACTIVE_COMPILATION_CONDITIONS = "DEBUG $(inherited)";
				SWIFT_OPTIMIZATION_LEVEL = "-Onone";
			};
			name = Debug;
		};
		DE9E6E8A2E2A301B00E9A549 /* Release */ = {
			isa = XCBuildConfiguration;
			buildSettings = {
				ALWAYS_SEARCH_USER_PATHS = NO;
				ASSETCATALOG_COMPILER_GENERATE_SWIFT_ASSET_SYMBOL_EXTENSIONS = YES;
				CLANG_ANALYZER_NONNULL = YES;
				CLANG_ANALYZER_NUMBER_OBJECT_CONVERSION = YES_AGGRESSIVE;
				CLANG_CXX_LANGUAGE_STANDARD = "gnu++20";
				CLANG_ENABLE_MODULES = YES;
				CLANG_ENABLE_OBJC_ARC = YES;
				CLANG_ENABLE_OBJC_WEAK = YES;
				CLANG_WARN_BLOCK_CAPTURE_AUTORELEASING = YES;
				CLANG_WARN_BOOL_CONVERSION = YES;
				CLANG_WARN_COMMA = YES;
				CLANG_WARN_CONSTANT_CONVERSION = YES;
				CLANG_WARN_DEPRECATED_OBJC_IMPLEMENTATIONS = YES;
				CLANG_WARN_DIRECT_OBJC_ISA_USAGE = YES_ERROR;
				CLANG_WARN_DOCUMENTATION_COMMENTS = YES;
				CLANG_WARN_EMPTY_BODY = YES;
				CLANG_WARN_ENUM_CONVERSION = YES;
				CLANG_WARN_INFINITE_RECURSION = YES;
				CLANG_WARN_INT_CONVERSION = YES;
				CLANG_WARN_NON_LITERAL_NULL_CONVERSION = YES;
				CLANG_WARN_OBJC_IMPLICIT_RETAIN_SELF = YES;
				CLANG_WARN_OBJC_LITERAL_CONVERSION = YES;
				CLANG_WARN_OBJC_ROOT_CLASS = YES_ERROR;
				CLANG_WARN_QUOTED_INCLUDE_IN_FRAMEWORK_HEADER = YES;
				CLANG_WARN_RANGE_LOOP_ANALYSIS = YES;
				CLANG_WARN_STRICT_PROTOTYPES = YES;
				CLANG_WARN_SUSPICIOUS_MOVE = YES;
				CLANG_WARN_UNGUARDED_AVAILABILITY = YES_AGGRESSIVE;
				CLANG_WARN_UNREACHABLE_CODE = YES;
				CLANG_WARN__DUPLICATE_METHOD_MATCH = YES;
				COPY_PHASE_STRIP = NO;
				DEBUG_INFORMATION_FORMAT = "dwarf-with-dsym";
				ENABLE_NS_ASSERTIONS = NO;
				ENABLE_STRICT_OBJC_MSGSEND = YES;
				ENABLE_USER_SCRIPT_SANDBOXING = YES;
				GCC_C_LANGUAGE_STANDARD = gnu17;
				GCC_NO_COMMON_BLOCKS = YES;
				GCC_WARN_64_TO_32_BIT_CONVERSION = YES;
				GCC_WARN_ABOUT_RETURN_TYPE = YES_ERROR;
				GCC_WARN_UNDECLARED_SELECTOR = YES;
				GCC_WARN_UNINITIALIZED_AUTOS = YES_AGGRESSIVE;
				GCC_WARN_UNUSED_FUNCTION = YES;
				GCC_WARN_UNUSED_VARIABLE = YES;
				IPHONEOS_DEPLOYMENT_TARGET = 18.2;
				LOCALIZATION_PREFERS_STRING_CATALOGS = YES;
				MTL_ENABLE_DEBUG_INFO = NO;
				MTL_FAST_MATH = YES;
				SDKROOT = iphoneos;
				SWIFT_COMPILATION_MODE = wholemodule;
				VALIDATE_PRODUCT = YES;
			};
			name = Release;
		};
		DE9E6E8C2E2A301B00E9A549 /* Debug */ = {
			isa = XCBuildConfiguration;
			buildSettings = {
				BUNDLE_LOADER = "$(TEST_HOST)";
				CODE_SIGN_STYLE = Automatic;
				CURRENT_PROJECT_VERSION = 1;
				DEVELOPMENT_TEAM = 8USF357YTB;
				GENERATE_INFOPLIST_FILE = YES;
				IPHONEOS_DEPLOYMENT_TARGET = 18.2;
				MARKETING_VERSION = 1.0;
				PRODUCT_BUNDLE_IDENTIFIER = com.App2Tests;
				PRODUCT_NAME = "$(TARGET_NAME)";
				SWIFT_EMIT_LOC_STRINGS = NO;
				SWIFT_VERSION = 5.0;
				TARGETED_DEVICE_FAMILY = "1,2";
				TEST_HOST = "$(BUILT_PRODUCTS_DIR)/App2.app/$(BUNDLE_EXECUTABLE_FOLDER_PATH)/App2";
			};
			name = Debug;
		};
		DE9E6E8D2E2A301B00E9A549 /* Release */ = {
			isa = XCBuildConfiguration;
			buildSettings = {
				BUNDLE_LOADER = "$(TEST_HOST)";
				CODE_SIGN_STYLE = Automatic;
				CURRENT_PROJECT_VERSION = 1;
				DEVELOPMENT_TEAM = 8USF357YTB;
				GENERATE_INFOPLIST_FILE = YES;
				IPHONEOS_DEPLOYMENT_TARGET = 18.2;
				MARKETING_VERSION = 1.0;
				PRODUCT_BUNDLE_IDENTIFIER = com.App2Tests;
				PRODUCT_NAME = "$(TARGET_NAME)";
				SWIFT_EMIT_LOC_STRINGS = NO;
				SWIFT_VERSION = 5.0;
				TARGETED_DEVICE_FAMILY = "1,2";
				TEST_HOST = "$(BUILT_PRODUCTS_DIR)/App2.app/$(BUNDLE_EXECUTABLE_FOLDER_PATH)/App2";
			};
			name = Release;
		};
		DE9E6E8F2E2A301B00E9A549 /* Debug */ = {
			isa = XCBuildConfiguration;
			buildSettings = {
				CODE_SIGN_STYLE = Automatic;
				CURRENT_PROJECT_VERSION = 1;
				DEVELOPMENT_TEAM = 8USF357YTB;
				GENERATE_INFOPLIST_FILE = YES;
				MARKETING_VERSION = 1.0;
				PRODUCT_BUNDLE_IDENTIFIER = com.App2UITests;
				PRODUCT_NAME = "$(TARGET_NAME)";
				SWIFT_EMIT_LOC_STRINGS = NO;
				SWIFT_VERSION = 5.0;
				TARGETED_DEVICE_FAMILY = "1,2";
				TEST_TARGET_NAME = App2;
			};
			name = Debug;
		};
		DE9E6E902E2A301B00E9A549 /* Release */ = {
			isa = XCBuildConfiguration;
			buildSettings = {
				CODE_SIGN_STYLE = Automatic;
				CURRENT_PROJECT_VERSION = 1;
				DEVELOPMENT_TEAM = 8USF357YTB;
				GENERATE_INFOPLIST_FILE = YES;
				MARKETING_VERSION = 1.0;
				PRODUCT_BUNDLE_IDENTIFIER = com.App2UITests;
				PRODUCT_NAME = "$(TARGET_NAME)";
				SWIFT_EMIT_LOC_STRINGS = NO;
				SWIFT_VERSION = 5.0;
				TARGETED_DEVICE_FAMILY = "1,2";
				TEST_TARGET_NAME = App2;
			};
			name = Release;
		};
/* End XCBuildConfiguration section */

/* Begin XCConfigurationList section */
		DE9E6E582E2A301A00E9A549 /* Build configuration list for PBXProject "App2" */ = {
			isa = XCConfigurationList;
			buildConfigurations = (
				DE9E6E892E2A301B00E9A549 /* Debug */,
				DE9E6E8A2E2A301B00E9A549 /* Release */,
			);
			defaultConfigurationIsVisible = 0;
			defaultConfigurationName = Release;
		};
		DE9E6E862E2A301B00E9A549 /* Build configuration list for PBXNativeTarget "App2" */ = {
			isa = XCConfigurationList;
			buildConfigurations = (
				DE9E6E872E2A301B00E9A549 /* Debug */,
				DE9E6E882E2A301B00E9A549 /* Release */,
			);
			defaultConfigurationIsVisible = 0;
			defaultConfigurationName = Release;
		};
		DE9E6E8B2E2A301B00E9A549 /* Build configuration list for PBXNativeTarget "App2Tests" */ = {
			isa = XCConfigurationList;
			buildConfigurations = (
				DE9E6E8C2E2A301B00E9A549 /* Debug */,
				DE9E6E8D2E2A301B00E9A549 /* Release */,
			);
			defaultConfigurationIsVisible = 0;
			defaultConfigurationName = Release;
		};
		DE9E6E8E2E2A301B00E9A549 /* Build configuration list for PBXNativeTarget "App2UITests" */ = {
			isa = XCConfigurationList;
			buildConfigurations = (
				DE9E6E8F2E2A301B00E9A549 /* Debug */,
				DE9E6E902E2A301B00E9A549 /* Release */,
			);
			defaultConfigurationIsVisible = 0;
			defaultConfigurationName = Release;
		};
/* End XCConfigurationList section */

/* Begin XCLocalSwiftPackageReference section */
		DE9E6E912E2A32FE00E9A549 /* XCLocalSwiftPackageReference "../../Packages/Core/NetworkModule" */ = {
			isa = XCLocalSwiftPackageReference;
			relativePath = ../../Packages/Core/NetworkModule;
		};
		DE9E6E972E2A359D00E9A549 /* XCLocalSwiftPackageReference "../../Packages/DesignSystem/DavinciKit" */ = {
			isa = XCLocalSwiftPackageReference;
			relativePath = ../../Packages/DesignSystem/DavinciKit;
		};
		DE9E6E9D2E2A35BC00E9A549 /* XCLocalSwiftPackageReference "../../Packages/Features/FeatureA" */ = {
			isa = XCLocalSwiftPackageReference;
			relativePath = ../../Packages/Features/FeatureA;
		};
		DE9E6EA02E2A35D000E9A549 /* XCLocalSwiftPackageReference "../../Packages/Features/FeatureB" */ = {
			isa = XCLocalSwiftPackageReference;
			relativePath = ../../Packages/Features/FeatureB;
		};
/* End XCLocalSwiftPackageReference section */

/* Begin XCSwiftPackageProductDependency section */
		DE9E6E922E2A32FE00E9A549 /* NetworkModule */ = {
			isa = XCSwiftPackageProductDependency;
			productName = NetworkModule;
		};
		DE9E6E982E2A359D00E9A549 /* DavinciKit */ = {
			isa = XCSwiftPackageProductDependency;
			productName = DavinciKit;
		};
		DE9E6E9E2E2A35BC00E9A549 /* FeatureA */ = {
			isa = XCSwiftPackageProductDependency;
			productName = FeatureA;
		};
		DE9E6EA12E2A35D000E9A549 /* FeatureB */ = {
			isa = XCSwiftPackageProductDependency;
			productName = FeatureB;
		};
/* End XCSwiftPackageProductDependency section */
	};
	rootObject = DE9E6E552E2A301A00E9A549 /* Project object */;
}
